<?xml version="1.0" encoding="utf-8"?>
<Project ToolsVersion="4.0" xmlns="http://schemas.microsoft.com/developer/msbuild/2003">
  <ItemGroup>
    <Filter Include="Engine">
      <UniqueIdentifier>{9b3eda35-5e57-4264-9d2f-62b12440676a}</UniqueIdentifier>
    </Filter>
    <Filter Include="header">
      <UniqueIdentifier>{93995380-89BD-4b04-88EB-625FBE52EBFB}</UniqueIdentifier>
      <Extensions>h;hh;hpp;hxx;h++;hm;inl;inc;ipp;xsd</Extensions>
    </Filter>
    <Filter Include="GL">
      <UniqueIdentifier>{f9cc57e1-5ef8-400f-9d84-019646018d95}</UniqueIdentifier>
    </Filter>
    <Filter Include="GL\GLModel">
      <UniqueIdentifier>{bdb3ae87-aa49-4c3e-9029-78704b193aec}</UniqueIdentifier>
    </Filter>
    <Filter Include="GameObject">
      <UniqueIdentifier>{5e24bab7-8537-489c-bd4f-0588473cc800}</UniqueIdentifier>
    </Filter>
    <Filter Include="GL\GLShader">
      <UniqueIdentifier>{317b21ae-7c5e-4ecf-a211-fd3d584127ce}</UniqueIdentifier>
    </Filter>
    <Filter Include="Manager">
      <UniqueIdentifier>{3fa4d37a-31d3-4117-b6a0-03b67c721c4e}</UniqueIdentifier>
    </Filter>
    <Filter Include="Shader">
      <UniqueIdentifier>{abf90660-a375-4e0d-8be1-40da0a69b438}</UniqueIdentifier>
    </Filter>
    <Filter Include="Manager\ShaderMgr">
      <UniqueIdentifier>{a7bc7775-cf9f-44b4-a35f-b6be7c91fb55}</UniqueIdentifier>
    </Filter>
    <Filter Include="Manager\ModelMgr">
      <UniqueIdentifier>{29ee4950-9064-4965-9bc4-845625e16b41}</UniqueIdentifier>
    </Filter>
    <Filter Include="GL\GLApp">
      <UniqueIdentifier>{f008b5e3-1d09-484b-b08a-b548474ab612}</UniqueIdentifier>
    </Filter>
    <Filter Include="GL\GLHelper">
      <UniqueIdentifier>{6d50a84f-8e4a-4484-b62e-e72e0ec7b4c9}</UniqueIdentifier>
    </Filter>
    <Filter Include="Manager\RenderMgr">
      <UniqueIdentifier>{e4ac162c-6cd2-4dd6-a470-14591c8479f9}</UniqueIdentifier>
    </Filter>
    <Filter Include="Manager\ComponentMgr">
      <UniqueIdentifier>{f9e82c7b-f958-4c44-93a2-8f0d9c006b8f}</UniqueIdentifier>
    </Filter>
    <Filter Include="Component">
      <UniqueIdentifier>{99af649e-d497-42da-be44-4830ff7e718d}</UniqueIdentifier>
    </Filter>
    <Filter Include="Main">
      <UniqueIdentifier>{4FC737F1-C7A5-4376-A066-2A32D752A2FF}</UniqueIdentifier>
      <Extensions>cpp;c;cc;cxx;c++;cppm;ixx;def;odl;idl;hpj;bat;asm;asmx</Extensions>
    </Filter>
    <Filter Include="Component\Transform">
      <UniqueIdentifier>{e26ceeaf-3893-4226-a879-47f34a69e050}</UniqueIdentifier>
    </Filter>
    <Filter Include="Level">
      <UniqueIdentifier>{39d321d0-5f33-49a9-b91b-d35d0457da3e}</UniqueIdentifier>
    </Filter>
    <Filter Include="Manager\GameStateMgr">
      <UniqueIdentifier>{57e0718c-aab5-4f9e-8a47-2b63ea37423b}</UniqueIdentifier>
    </Filter>
    <Filter Include="Level\Stage01">
      <UniqueIdentifier>{726311ce-086b-4ac7-93dc-5c79382f4ccf}</UniqueIdentifier>
    </Filter>
    <Filter Include="Component\Sprite">
      <UniqueIdentifier>{8897a72f-8742-4b97-8674-b638788e6749}</UniqueIdentifier>
    </Filter>
    <Filter Include="Editor">
      <UniqueIdentifier>{fb74bb76-f8fa-4352-af53-bea1949be5fc}</UniqueIdentifier>
    </Filter>
    <Filter Include="IMGUI">
      <UniqueIdentifier>{4a4741ef-7efc-4d26-9c27-b11c9cc4533f}</UniqueIdentifier>
    </Filter>
    <Filter Include="RTTI">
      <UniqueIdentifier>{6c95cd2e-b3d0-4694-b9cc-26a70caaa9c2}</UniqueIdentifier>
    </Filter>
    <Filter Include="RTTI\Registry">
      <UniqueIdentifier>{fe40c889-ad39-42f2-8bf5-3c52d0fccc88}</UniqueIdentifier>
    </Filter>
    <Filter Include="Manager\Serializer">
      <UniqueIdentifier>{d05ba41d-8746-46fc-9f63-682b64d8398a}</UniqueIdentifier>
    </Filter>
    <Filter Include="JSON">
      <UniqueIdentifier>{9fa3a204-c743-4e08-9063-9ad3dd9d0d38}</UniqueIdentifier>
    </Filter>
    <Filter Include="Editor\TileEditor">
      <UniqueIdentifier>{f333a234-0804-4366-b8e6-9eb8edc37397}</UniqueIdentifier>
    </Filter>
    <Filter Include="Manager\ResourceMgr">
      <UniqueIdentifier>{a9939ab0-c765-4290-ad66-2c4849674400}</UniqueIdentifier>
    </Filter>
    <Filter Include="Resource">
      <UniqueIdentifier>{10cad99d-600b-46e3-8e82-c01bc70449fa}</UniqueIdentifier>
    </Filter>
    <Filter Include="Resource\Texture">
      <UniqueIdentifier>{1dd20298-de76-41fc-b526-8dbbe4b73f4f}</UniqueIdentifier>
    </Filter>
    <Filter Include="Level\Stage02">
      <UniqueIdentifier>{9415fb23-819d-465f-8dd0-30afac5b2371}</UniqueIdentifier>
    </Filter>
    <Filter Include="JSON\stage01_Lvl">
      <UniqueIdentifier>{4f6f5439-db11-4fed-8f20-1f3da957bda4}</UniqueIdentifier>
    </Filter>
    <Filter Include="JSON\stage02_Lvl">
      <UniqueIdentifier>{c92c64ec-a754-4f74-a538-27747d5ad514}</UniqueIdentifier>
    </Filter>
    <Filter Include="Manager\GameObjectMgr">
      <UniqueIdentifier>{61b0c015-6538-49ef-a5c0-e26c1cb9489c}</UniqueIdentifier>
    </Filter>
    <Filter Include="Component\Player">
      <UniqueIdentifier>{2ad6efe2-7812-4c4f-afe9-a7576d117117}</UniqueIdentifier>
    </Filter>
    <Filter Include="Manager\TimeMgr">
      <UniqueIdentifier>{6ab34dd3-614e-4492-9205-fd0f628875dd}</UniqueIdentifier>
    </Filter>
    <Filter Include="Component\RigidBody">
      <UniqueIdentifier>{6950e22f-c0ae-4474-a3c8-61d31b5af30a}</UniqueIdentifier>
    </Filter>
    <Filter Include="Manager\CollisionMgr">
      <UniqueIdentifier>{3bb592be-09a2-44d0-8426-cc4b8ea302dd}</UniqueIdentifier>
    </Filter>
    <Filter Include="Profiler">
      <UniqueIdentifier>{31dca166-e806-48eb-8ad9-1c1d66d56ed7}</UniqueIdentifier>
    </Filter>
    <Filter Include="Manager\MathMgr">
      <UniqueIdentifier>{d66fd375-f03d-4caf-8f7d-01c99644fcb3}</UniqueIdentifier>
    </Filter>
    <Filter Include="Component\Bomb">
      <UniqueIdentifier>{10252d73-fb5f-4fc4-ad2f-67eaccf4eceb}</UniqueIdentifier>
    </Filter>
    <Filter Include="GL\GLViewport">
      <UniqueIdentifier>{74fccaea-1de1-4afa-a8b0-9acdd1fb8ff3}</UniqueIdentifier>
    </Filter>
    <Filter Include="Component\Wall">
      <UniqueIdentifier>{c420e75d-1626-495f-aa74-f293b569b6f7}</UniqueIdentifier>
    </Filter>
    <Filter Include="Manager\Prefabs">
      <UniqueIdentifier>{2ca66bd6-7520-4642-bbbe-58cbfd1fc81e}</UniqueIdentifier>
    </Filter>
    <Filter Include="Component\Collision">
      <UniqueIdentifier>{cd2de2b3-a7a3-496b-9769-a4d17a27cc25}</UniqueIdentifier>
    </Filter>
    <Filter Include="Manager\EventMgr">
      <UniqueIdentifier>{2aa283f5-2048-4dff-84ec-7d3e10095443}</UniqueIdentifier>
    </Filter>
    <Filter Include="JSON\Static">
      <UniqueIdentifier>{bb364260-ca03-48f5-b200-3b9349478742}</UniqueIdentifier>
    </Filter>
  </ItemGroup>
  <ItemGroup>
    <ClCompile Include="main.cpp">
      <Filter>Main</Filter>
    </ClCompile>
    <ClCompile Include="IMGUI\imgui.cpp">
      <Filter>IMGUI</Filter>
    </ClCompile>
    <ClCompile Include="IMGUI\imgui_demo.cpp">
      <Filter>IMGUI</Filter>
    </ClCompile>
    <ClCompile Include="IMGUI\imgui_draw.cpp">
      <Filter>IMGUI</Filter>
    </ClCompile>
    <ClCompile Include="IMGUI\imgui_impl_opengl3.cpp">
      <Filter>IMGUI</Filter>
    </ClCompile>
    <ClCompile Include="IMGUI\imgui_stdlib.cpp">
      <Filter>IMGUI</Filter>
    </ClCompile>
    <ClCompile Include="IMGUI\imgui_tables.cpp">
      <Filter>IMGUI</Filter>
    </ClCompile>
    <ClCompile Include="IMGUI\imgui_widgets.cpp">
      <Filter>IMGUI</Filter>
    </ClCompile>
    <ClCompile Include="Transform.cpp">
      <Filter>Component\Transform</Filter>
    </ClCompile>
    <ClCompile Include="Sprite.cpp">
      <Filter>Component\Sprite</Filter>
    </ClCompile>
    <ClCompile Include="ShaderManager.cpp">
      <Filter>Manager\ShaderMgr</Filter>
    </ClCompile>
    <ClCompile Include="Serializer.cpp">
      <Filter>Manager\Serializer</Filter>
    </ClCompile>
    <ClCompile Include="ModelManager.cpp">
      <Filter>Manager\ModelMgr</Filter>
    </ClCompile>
    <ClCompile Include="GameObjectManager.cpp">
      <Filter>Manager\GameObjectMgr</Filter>
    </ClCompile>
    <ClCompile Include="GameStateManager.cpp">
      <Filter>Manager\GameStateMgr</Filter>
    </ClCompile>
    <ClCompile Include="ComponentManager.cpp">
      <Filter>Manager\ComponentMgr</Filter>
    </ClCompile>
    <ClCompile Include="GameObject.cpp">
      <Filter>GameObject</Filter>
    </ClCompile>
    <ClCompile Include="MainEditor.cpp">
      <Filter>Editor</Filter>
    </ClCompile>
    <ClCompile Include="Registry.cpp">
      <Filter>RTTI\Registry</Filter>
    </ClCompile>
    <ClCompile Include="GLModel.cpp">
      <Filter>GL\GLModel</Filter>
    </ClCompile>
    <ClCompile Include="BaseLevel.cpp">
      <Filter>Level</Filter>
    </ClCompile>
    <ClCompile Include="BaseRTTI.cpp">
      <Filter>RTTI</Filter>
    </ClCompile>
    <ClCompile Include="GLHelper.cpp">
      <Filter>GL\GLHelper</Filter>
    </ClCompile>
    <ClCompile Include="Stage01_Lvl.cpp">
      <Filter>Level\Stage01</Filter>
    </ClCompile>
    <ClCompile Include="GLShader.cpp">
      <Filter>GL\GLShader</Filter>
    </ClCompile>
    <ClCompile Include="GLApp.cpp">
      <Filter>GL\GLApp</Filter>
    </ClCompile>
    <ClCompile Include="BaseComponent.cpp">
      <Filter>Component</Filter>
    </ClCompile>
    <ClCompile Include="RenderManager.cpp">
      <Filter>Manager\RenderMgr</Filter>
    </ClCompile>
    <ClCompile Include="Engine.cpp">
      <Filter>Engine</Filter>
    </ClCompile>
    <ClCompile Include="IMGUI\imgui_impl_glfw.cpp">
      <Filter>IMGUI</Filter>
    </ClCompile>
    <ClCompile Include="TileEditor.cpp">
      <Filter>Editor\TileEditor</Filter>
    </ClCompile>
    <ClCompile Include="ResourceManager.cpp">
      <Filter>Manager\ResourceMgr</Filter>
    </ClCompile>
    <ClCompile Include="Resource.cpp">
      <Filter>Resource</Filter>
    </ClCompile>
    <ClCompile Include="TextureResource.cpp">
      <Filter>Resource\Texture</Filter>
    </ClCompile>
    <ClCompile Include="Stage02_Lvl.cpp">
      <Filter>Level\Stage02</Filter>
    </ClCompile>
    <ClCompile Include="Player.cpp">
      <Filter>Component\Player</Filter>
    </ClCompile>
    <ClCompile Include="TimeManager.cpp">
      <Filter>Manager\TimeMgr</Filter>
    </ClCompile>
    <ClCompile Include="RigidBody.cpp">
      <Filter>Component\RigidBody</Filter>
    </ClCompile>
    <ClCompile Include="CollisionManager.cpp">
      <Filter>Manager\CollisionMgr</Filter>
    </ClCompile>
    <ClCompile Include="Profiler.cpp">
      <Filter>Profiler</Filter>
    </ClCompile>
    <ClCompile Include="MathManager.cpp">
      <Filter>Manager\MathMgr</Filter>
    </ClCompile>
    <ClCompile Include="GLViewport.cpp">
      <Filter>GL\GLViewport</Filter>
    </ClCompile>
    <ClCompile Include="Bomb.cpp">
      <Filter>Component\Bomb</Filter>
    </ClCompile>
    <ClCompile Include="Wall.cpp">
      <Filter>Component\Wall</Filter>
    </ClCompile>
    <ClCompile Include="Prefabs.cpp">
      <Filter>Manager\Prefabs</Filter>
    </ClCompile>
    <ClCompile Include="Collision.cpp">
      <Filter>Component\Collision</Filter>
    </ClCompile>
    <ClCompile Include="EventManager.cpp">
      <Filter>Manager\EventMgr</Filter>
    </ClCompile>
  </ItemGroup>
  <ItemGroup>
    <ClInclude Include="IMGUI\imconfig.h">
      <Filter>IMGUI</Filter>
    </ClInclude>
    <ClInclude Include="IMGUI\imgui.h">
      <Filter>IMGUI</Filter>
    </ClInclude>
    <ClInclude Include="IMGUI\imgui_impl_glfw.h">
      <Filter>IMGUI</Filter>
    </ClInclude>
    <ClInclude Include="IMGUI\imgui_impl_opengl3.h">
      <Filter>IMGUI</Filter>
    </ClInclude>
    <ClInclude Include="IMGUI\imgui_impl_opengl3_loader.h">
      <Filter>IMGUI</Filter>
    </ClInclude>
    <ClInclude Include="IMGUI\imgui_internal.h">
      <Filter>IMGUI</Filter>
    </ClInclude>
    <ClInclude Include="IMGUI\imgui_stdlib.h">
      <Filter>IMGUI</Filter>
    </ClInclude>
    <ClInclude Include="IMGUI\imstb_rectpack.h">
      <Filter>IMGUI</Filter>
    </ClInclude>
    <ClInclude Include="IMGUI\imstb_textedit.h">
      <Filter>IMGUI</Filter>
    </ClInclude>
    <ClInclude Include="IMGUI\imstb_truetype.h">
      <Filter>IMGUI</Filter>
    </ClInclude>
    <ClInclude Include="single.h">
      <Filter>header</Filter>
    </ClInclude>
    <ClInclude Include="BaseComponent.h">
      <Filter>Component</Filter>
    </ClInclude>
    <ClInclude Include="BaseRTTI.h">
      <Filter>RTTI</Filter>
    </ClInclude>
    <ClInclude Include="GameObject.h">
      <Filter>GameObject</Filter>
    </ClInclude>
    <ClInclude Include="GLApp.h">
      <Filter>GL\GLApp</Filter>
    </ClInclude>
    <ClInclude Include="GLHelper.h">
      <Filter>GL\GLHelper</Filter>
    </ClInclude>
    <ClInclude Include="GLModel.h">
      <Filter>GL\GLModel</Filter>
    </ClInclude>
    <ClInclude Include="GLShader.h">
      <Filter>GL\GLShader</Filter>
    </ClInclude>
    <ClInclude Include="Engine.h">
      <Filter>Engine</Filter>
    </ClInclude>
    <ClInclude Include="ModelManager.h">
      <Filter>Manager\ModelMgr</Filter>
    </ClInclude>
    <ClInclude Include="Serializer.h">
      <Filter>Manager\Serializer</Filter>
    </ClInclude>
    <ClInclude Include="ComponentManager.h">
      <Filter>Manager\ComponentMgr</Filter>
    </ClInclude>
    <ClInclude Include="BaseLevel.h">
      <Filter>Level</Filter>
    </ClInclude>
    <ClInclude Include="Registry.h">
      <Filter>RTTI\Registry</Filter>
    </ClInclude>
    <ClInclude Include="GameStateManager.h">
      <Filter>Manager\GameStateMgr</Filter>
    </ClInclude>
    <ClInclude Include="MainEditor.h">
      <Filter>Editor</Filter>
    </ClInclude>
    <ClInclude Include="RenderManager.h">
      <Filter>Manager\RenderMgr</Filter>
    </ClInclude>
    <ClInclude Include="Stage01_Lvl.h">
      <Filter>Level\Stage01</Filter>
    </ClInclude>
    <ClInclude Include="ShaderManager.h">
      <Filter>Manager\ShaderMgr</Filter>
    </ClInclude>
    <ClInclude Include="Sprite.h">
      <Filter>Component\Sprite</Filter>
    </ClInclude>
    <ClInclude Include="Transform.h">
      <Filter>Component\Transform</Filter>
    </ClInclude>
    <ClInclude Include="GameObjectManager.h">
      <Filter>Manager\GameObjectMgr</Filter>
    </ClInclude>
    <ClInclude Include="header.h">
      <Filter>header</Filter>
    </ClInclude>
    <ClInclude Include="TileEditor.h">
      <Filter>Editor\TileEditor</Filter>
    </ClInclude>
    <ClInclude Include="ResourceManager.h">
      <Filter>Manager\ResourceMgr</Filter>
    </ClInclude>
    <ClInclude Include="Resource.h">
      <Filter>Resource</Filter>
    </ClInclude>
    <ClInclude Include="TextureResource.h">
      <Filter>Resource\Texture</Filter>
    </ClInclude>
    <ClInclude Include="Stage02_Lvl.h">
      <Filter>Level\Stage02</Filter>
    </ClInclude>
    <ClInclude Include="Player.h">
      <Filter>Component\Player</Filter>
    </ClInclude>
    <ClInclude Include="TimeManager.h">
      <Filter>Manager\TimeMgr</Filter>
    </ClInclude>
    <ClInclude Include="RigidBody.h">
      <Filter>Component\RigidBody</Filter>
    </ClInclude>
    <ClInclude Include="CollisionManager.h">
      <Filter>Manager\CollisionMgr</Filter>
    </ClInclude>
    <ClInclude Include="Profiler.h">
      <Filter>Profiler</Filter>
    </ClInclude>
    <ClInclude Include="MathManager.h">
      <Filter>Manager\MathMgr</Filter>
    </ClInclude>
    <ClInclude Include="GLViewport.h">
      <Filter>GL\GLViewport</Filter>
    </ClInclude>
    <ClInclude Include="Bomb.h">
      <Filter>Component\Bomb</Filter>
    </ClInclude>
    <ClInclude Include="Wall.h">
      <Filter>Component\Wall</Filter>
    </ClInclude>
    <ClInclude Include="Prefabs.h">
      <Filter>Manager\Prefabs</Filter>
    </ClInclude>
    <ClInclude Include="Collision.h">
      <Filter>Component\Collision</Filter>
    </ClInclude>
    <ClInclude Include="EventManager.h">
      <Filter>Manager\EventMgr</Filter>
    </ClInclude>
  </ItemGroup>
  <ItemGroup>
    <None Include="IMGUI\imgui.ini">
      <Filter>IMGUI</Filter>
    </None>
    <None Include="shader.frag">
      <Filter>Shader</Filter>
    </None>
    <None Include="shader.vert">
      <Filter>Shader</Filter>
    </None>
    <None Include="json\stage02_Lvl\GameObject.json">
      <Filter>JSON\stage02_Lvl</Filter>
    </None>
    <None Include="json\stage02_Lvl\Wall.json">
      <Filter>JSON\stage02_Lvl</Filter>
    </None>
    <None Include="json\Stage01_Lvl\GameObject.json">
      <Filter>JSON\stage01_Lvl</Filter>
    </None>
    <None Include="json\Stage01_Lvl\Player.json">
      <Filter>JSON\stage01_Lvl</Filter>
    </None>
    <None Include="json\Stage01_Lvl\Wall.json">
      <Filter>JSON\stage01_Lvl</Filter>
    </None>
    <None Include="json\Bomb\Bomb.json">
      <Filter>JSON</Filter>
    </None>
    <None Include="json\ScreenGrid\ScreenGrid.json">
      <Filter>JSON</Filter>
    </None>
    <None Include="json\Stage01_Lvl\Grid.json">
      <Filter>JSON\stage01_Lvl</Filter>
    </None>
    <None Include="json\Static\ScreenGrid.json">
      <Filter>JSON\Static</Filter>
    </None>
  </ItemGroup>
</Project>